// !$*UTF8*$!
{
	archiveVersion = 1;
	classes = {
	};
	objectVersion = 56;
	objects = {

/* Begin PBXBuildFile section */
		D9CAAE872A2155A6007E1CED /* AppDelegate.swift in Sources */ = {isa = PBXBuildFile; fileRef = D9CAAE862A2155A6007E1CED /* AppDelegate.swift */; };
		D9CAAE892A2155A6007E1CED /* SceneDelegate.swift in Sources */ = {isa = PBXBuildFile; fileRef = D9CAAE882A2155A6007E1CED /* SceneDelegate.swift */; };
		D9CAAE8E2A2155A6007E1CED /* Main.storyboard in Resources */ = {isa = PBXBuildFile; fileRef = D9CAAE8C2A2155A6007E1CED /* Main.storyboard */; };
		D9CAAE902A2155A7007E1CED /* Assets.xcassets in Resources */ = {isa = PBXBuildFile; fileRef = D9CAAE8F2A2155A7007E1CED /* Assets.xcassets */; };
		D9CAAE932A2155A7007E1CED /* LaunchScreen.storyboard in Resources */ = {isa = PBXBuildFile; fileRef = D9CAAE912A2155A7007E1CED /* LaunchScreen.storyboard */; };
		D9CAAE9E2A2155A7007E1CED /* CountryAPISwiftTests.swift in Sources */ = {isa = PBXBuildFile; fileRef = D9CAAE9D2A2155A7007E1CED /* CountryAPISwiftTests.swift */; };
		D9CAAEA82A2155A7007E1CED /* CountryAPISwiftUITests.swift in Sources */ = {isa = PBXBuildFile; fileRef = D9CAAEA72A2155A7007E1CED /* CountryAPISwiftUITests.swift */; };
		D9CAAEAA2A2155A7007E1CED /* CountryAPISwiftUITestsLaunchTests.swift in Sources */ = {isa = PBXBuildFile; fileRef = D9CAAEA92A2155A7007E1CED /* CountryAPISwiftUITestsLaunchTests.swift */; };
		D9CAAEBB2A2155DE007E1CED /* Country.swift in Sources */ = {isa = PBXBuildFile; fileRef = D9CAAEBA2A2155DE007E1CED /* Country.swift */; };
		D9CAAEBE2A21562A007E1CED /* CountryCell.xib in Resources */ = {isa = PBXBuildFile; fileRef = D9CAAEBD2A21562A007E1CED /* CountryCell.xib */; };
		D9CAAEC02A21563A007E1CED /* CountryCell.swift in Sources */ = {isa = PBXBuildFile; fileRef = D9CAAEBF2A21563A007E1CED /* CountryCell.swift */; };
		D9CAAEC22A215692007E1CED /* CountryListViewModel.swift in Sources */ = {isa = PBXBuildFile; fileRef = D9CAAEC12A215692007E1CED /* CountryListViewModel.swift */; };
		D9CAAEC52A2156B8007E1CED /* APIService.swift in Sources */ = {isa = PBXBuildFile; fileRef = D9CAAEC42A2156B8007E1CED /* APIService.swift */; };
		D9CAAEC72A2156C2007E1CED /* CountriesService.swift in Sources */ = {isa = PBXBuildFile; fileRef = D9CAAEC62A2156C2007E1CED /* CountriesService.swift */; };
		D9CAAEC92A215765007E1CED /* CountryListViewController.swift in Sources */ = {isa = PBXBuildFile; fileRef = D9CAAEC82A215765007E1CED /* CountryListViewController.swift */; };
		D9CAAECC2A2157C6007E1CED /* Constants.swift in Sources */ = {isa = PBXBuildFile; fileRef = D9CAAECB2A2157C6007E1CED /* Constants.swift */; };
/* End PBXBuildFile section */

/* Begin PBXContainerItemProxy section */
		D9CAAE9A2A2155A7007E1CED /* PBXContainerItemProxy */ = {
			isa = PBXContainerItemProxy;
			containerPortal = D9CAAE7B2A2155A6007E1CED /* Project object */;
			proxyType = 1;
			remoteGlobalIDString = D9CAAE822A2155A6007E1CED;
			remoteInfo = CountryAPISwift;
		};
		D9CAAEA42A2155A7007E1CED /* PBXContainerItemProxy */ = {
			isa = PBXContainerItemProxy;
			containerPortal = D9CAAE7B2A2155A6007E1CED /* Project object */;
			proxyType = 1;
			remoteGlobalIDString = D9CAAE822A2155A6007E1CED;
			remoteInfo = CountryAPISwift;
		};
/* End PBXContainerItemProxy section */

/* Begin PBXFileReference section */
		D9CAAE832A2155A6007E1CED /* CountryAPISwift.app */ = {isa = PBXFileReference; explicitFileType = wrapper.application; includeInIndex = 0; path = CountryAPISwift.app; sourceTree = BUILT_PRODUCTS_DIR; };
		D9CAAE862A2155A6007E1CED /* AppDelegate.swift */ = {isa = PBXFileReference; lastKnownFileType = sourcecode.swift; path = AppDelegate.swift; sourceTree = "<group>"; };
		D9CAAE882A2155A6007E1CED /* SceneDelegate.swift */ = {isa = PBXFileReference; lastKnownFileType = sourcecode.swift; path = SceneDelegate.swift; sourceTree = "<group>"; };
		D9CAAE8D2A2155A6007E1CED /* Base */ = {isa = PBXFileReference; lastKnownFileType = file.storyboard; name = Base; path = Base.lproj/Main.storyboard; sourceTree = "<group>"; };
		D9CAAE8F2A2155A7007E1CED /* Assets.xcassets */ = {isa = PBXFileReference; lastKnownFileType = folder.assetcatalog; path = Assets.xcassets; sourceTree = "<group>"; };
		D9CAAE922A2155A7007E1CED /* Base */ = {isa = PBXFileReference; lastKnownFileType = file.storyboard; name = Base; path = Base.lproj/LaunchScreen.storyboard; sourceTree = "<group>"; };
		D9CAAE942A2155A7007E1CED /* Info.plist */ = {isa = PBXFileReference; lastKnownFileType = text.plist.xml; path = Info.plist; sourceTree = "<group>"; };
		D9CAAE992A2155A7007E1CED /* CountryAPISwiftTests.xctest */ = {isa = PBXFileReference; explicitFileType = wrapper.cfbundle; includeInIndex = 0; path = CountryAPISwiftTests.xctest; sourceTree = BUILT_PRODUCTS_DIR; };
		D9CAAE9D2A2155A7007E1CED /* CountryAPISwiftTests.swift */ = {isa = PBXFileReference; lastKnownFileType = sourcecode.swift; path = CountryAPISwiftTests.swift; sourceTree = "<group>"; };
		D9CAAEA32A2155A7007E1CED /* CountryAPISwiftUITests.xctest */ = {isa = PBXFileReference; explicitFileType = wrapper.cfbundle; includeInIndex = 0; path = CountryAPISwiftUITests.xctest; sourceTree = BUILT_PRODUCTS_DIR; };
		D9CAAEA72A2155A7007E1CED /* CountryAPISwiftUITests.swift */ = {isa = PBXFileReference; lastKnownFileType = sourcecode.swift; path = CountryAPISwiftUITests.swift; sourceTree = "<group>"; };
		D9CAAEA92A2155A7007E1CED /* CountryAPISwiftUITestsLaunchTests.swift */ = {isa = PBXFileReference; lastKnownFileType = sourcecode.swift; path = CountryAPISwiftUITestsLaunchTests.swift; sourceTree = "<group>"; };
		D9CAAEBA2A2155DE007E1CED /* Country.swift */ = {isa = PBXFileReference; lastKnownFileType = sourcecode.swift; path = Country.swift; sourceTree = "<group>"; };
		D9CAAEBD2A21562A007E1CED /* CountryCell.xib */ = {isa = PBXFileReference; lastKnownFileType = file.xib; path = CountryCell.xib; sourceTree = "<group>"; };
		D9CAAEBF2A21563A007E1CED /* CountryCell.swift */ = {isa = PBXFileReference; lastKnownFileType = sourcecode.swift; path = CountryCell.swift; sourceTree = "<group>"; };
		D9CAAEC12A215692007E1CED /* CountryListViewModel.swift */ = {isa = PBXFileReference; lastKnownFileType = sourcecode.swift; path = CountryListViewModel.swift; sourceTree = "<group>"; };
		D9CAAEC42A2156B8007E1CED /* APIService.swift */ = {isa = PBXFileReference; lastKnownFileType = sourcecode.swift; path = APIService.swift; sourceTree = "<group>"; };
		D9CAAEC62A2156C2007E1CED /* CountriesService.swift */ = {isa = PBXFileReference; lastKnownFileType = sourcecode.swift; path = CountriesService.swift; sourceTree = "<group>"; };
		D9CAAEC82A215765007E1CED /* CountryListViewController.swift */ = {isa = PBXFileReference; lastKnownFileType = sourcecode.swift; path = CountryListViewController.swift; sourceTree = "<group>"; };
		D9CAAECB2A2157C6007E1CED /* Constants.swift */ = {isa = PBXFileReference; lastKnownFileType = sourcecode.swift; path = Constants.swift; sourceTree = "<group>"; };
/* End PBXFileReference section */

/* Begin PBXFrameworksBuildPhase section */
		D9CAAE802A2155A6007E1CED /* Frameworks */ = {
			isa = PBXFrameworksBuildPhase;
			buildActionMask = 2147483647;
			files = (
			);
			runOnlyForDeploymentPostprocessing = 0;
		};
		D9CAAE962A2155A7007E1CED /* Frameworks */ = {
			isa = PBXFrameworksBuildPhase;
			buildActionMask = 2147483647;
			files = (
			);
			runOnlyForDeploymentPostprocessing = 0;
		};
		D9CAAEA02A2155A7007E1CED /* Frameworks */ = {
			isa = PBXFrameworksBuildPhase;
			buildActionMask = 2147483647;
			files = (
			);
			runOnlyForDeploymentPostprocessing = 0;
		};
/* End PBXFrameworksBuildPhase section */

/* Begin PBXGroup section */
		D9CAAE7A2A2155A6007E1CED = {
			isa = PBXGroup;
			children = (
				D9CAAE852A2155A6007E1CED /* CountryAPISwift */,
				D9CAAE9C2A2155A7007E1CED /* CountryAPISwiftTests */,
				D9CAAEA62A2155A7007E1CED /* CountryAPISwiftUITests */,
				D9CAAE842A2155A6007E1CED /* Products */,
			);
			sourceTree = "<group>";
		};
		D9CAAE842A2155A6007E1CED /* Products */ = {
			isa = PBXGroup;
			children = (
				D9CAAE832A2155A6007E1CED /* CountryAPISwift.app */,
				D9CAAE992A2155A7007E1CED /* CountryAPISwiftTests.xctest */,
				D9CAAEA32A2155A7007E1CED /* CountryAPISwiftUITests.xctest */,
			);
			name = Products;
			sourceTree = "<group>";
		};
		D9CAAE852A2155A6007E1CED /* CountryAPISwift */ = {
			isa = PBXGroup;
			children = (
				D9CAAEB92A2155CB007E1CED /* Models */,
				D9CAAEB82A2155C4007E1CED /* Views */,
				D9CAAEB72A2155BD007E1CED /* View Models */,
				D9CAAEB62A2155B2007E1CED /* View Controllers */,
				D9CAAEC32A2156AA007E1CED /* Services */,
				D9CAAECA2A2157AB007E1CED /* Utility */,
				D9CAAE862A2155A6007E1CED /* AppDelegate.swift */,
				D9CAAE882A2155A6007E1CED /* SceneDelegate.swift */,
				D9CAAE8C2A2155A6007E1CED /* Main.storyboard */,
				D9CAAE8F2A2155A7007E1CED /* Assets.xcassets */,
				D9CAAE912A2155A7007E1CED /* LaunchScreen.storyboard */,
				D9CAAE942A2155A7007E1CED /* Info.plist */,
			);
			path = CountryAPISwift;
			sourceTree = "<group>";
		};
		D9CAAE9C2A2155A7007E1CED /* CountryAPISwiftTests */ = {
			isa = PBXGroup;
			children = (
				D9CAAE9D2A2155A7007E1CED /* CountryAPISwiftTests.swift */,
			);
			path = CountryAPISwiftTests;
			sourceTree = "<group>";
		};
		D9CAAEA62A2155A7007E1CED /* CountryAPISwiftUITests */ = {
			isa = PBXGroup;
			children = (
				D9CAAEA72A2155A7007E1CED /* CountryAPISwiftUITests.swift */,
				D9CAAEA92A2155A7007E1CED /* CountryAPISwiftUITestsLaunchTests.swift */,
			);
			path = CountryAPISwiftUITests;
			sourceTree = "<group>";
		};
		D9CAAEB62A2155B2007E1CED /* View Controllers */ = {
			isa = PBXGroup;
			children = (
				D9CAAEC82A215765007E1CED /* CountryListViewController.swift */,
			);
			path = "View Controllers";
			sourceTree = "<group>";
		};
		D9CAAEB72A2155BD007E1CED /* View Models */ = {
			isa = PBXGroup;
			children = (
				D9CAAEC12A215692007E1CED /* CountryListViewModel.swift */,
			);
			path = "View Models";
			sourceTree = "<group>";
		};
		D9CAAEB82A2155C4007E1CED /* Views */ = {
			isa = PBXGroup;
			children = (
				D9CAAEBC2A2155FD007E1CED /* CountryCell */,
			);
			path = Views;
			sourceTree = "<group>";
		};
		D9CAAEB92A2155CB007E1CED /* Models */ = {
			isa = PBXGroup;
			children = (
				D9CAAEBA2A2155DE007E1CED /* Country.swift */,
			);
			path = Models;
			sourceTree = "<group>";
		};
		D9CAAEBC2A2155FD007E1CED /* CountryCell */ = {
			isa = PBXGroup;
			children = (
				D9CAAEBD2A21562A007E1CED /* CountryCell.xib */,
				D9CAAEBF2A21563A007E1CED /* CountryCell.swift */,
			);
			path = CountryCell;
			sourceTree = "<group>";
		};
		D9CAAEC32A2156AA007E1CED /* Services */ = {
			isa = PBXGroup;
			children = (
				D9CAAEC42A2156B8007E1CED /* APIService.swift */,
				D9CAAEC62A2156C2007E1CED /* CountriesService.swift */,
			);
			path = Services;
			sourceTree = "<group>";
		};
		D9CAAECA2A2157AB007E1CED /* Utility */ = {
			isa = PBXGroup;
			children = (
				D9CAAECB2A2157C6007E1CED /* Constants.swift */,
			);
			path = Utility;
			sourceTree = "<group>";
		};
/* End PBXGroup section */

/* Begin PBXNativeTarget section */
		D9CAAE822A2155A6007E1CED /* CountryAPISwift */ = {
			isa = PBXNativeTarget;
			buildConfigurationList = D9CAAEAD2A2155A7007E1CED /* Build configuration list for PBXNativeTarget "CountryAPISwift" */;
			buildPhases = (
				D9CAAE7F2A2155A6007E1CED /* Sources */,
				D9CAAE802A2155A6007E1CED /* Frameworks */,
				D9CAAE812A2155A6007E1CED /* Resources */,
			);
			buildRules = (
			);
			dependencies = (
			);
			name = CountryAPISwift;
			productName = CountryAPISwift;
			productReference = D9CAAE832A2155A6007E1CED /* CountryAPISwift.app */;
			productType = "com.apple.product-type.application";
		};
		D9CAAE982A2155A7007E1CED /* CountryAPISwiftTests */ = {
			isa = PBXNativeTarget;
			buildConfigurationList = D9CAAEB02A2155A7007E1CED /* Build configuration list for PBXNativeTarget "CountryAPISwiftTests" */;
			buildPhases = (
				D9CAAE952A2155A7007E1CED /* Sources */,
				D9CAAE962A2155A7007E1CED /* Frameworks */,
				D9CAAE972A2155A7007E1CED /* Resources */,
			);
			buildRules = (
			);
			dependencies = (
				D9CAAE9B2A2155A7007E1CED /* PBXTargetDependency */,
			);
			name = CountryAPISwiftTests;
			productName = CountryAPISwiftTests;
			productReference = D9CAAE992A2155A7007E1CED /* CountryAPISwiftTests.xctest */;
			productType = "com.apple.product-type.bundle.unit-test";
		};
		D9CAAEA22A2155A7007E1CED /* CountryAPISwiftUITests */ = {
			isa = PBXNativeTarget;
			buildConfigurationList = D9CAAEB32A2155A7007E1CED /* Build configuration list for PBXNativeTarget "CountryAPISwiftUITests" */;
			buildPhases = (
				D9CAAE9F2A2155A7007E1CED /* Sources */,
				D9CAAEA02A2155A7007E1CED /* Frameworks */,
				D9CAAEA12A2155A7007E1CED /* Resources */,
			);
			buildRules = (
			);
			dependencies = (
				D9CAAEA52A2155A7007E1CED /* PBXTargetDependency */,
			);
			name = CountryAPISwiftUITests;
			productName = CountryAPISwiftUITests;
			productReference = D9CAAEA32A2155A7007E1CED /* CountryAPISwiftUITests.xctest */;
			productType = "com.apple.product-type.bundle.ui-testing";
		};
/* End PBXNativeTarget section */

/* Begin PBXProject section */
		D9CAAE7B2A2155A6007E1CED /* Project object */ = {
			isa = PBXProject;
			attributes = {
				BuildIndependentTargetsInParallel = 1;
				LastSwiftUpdateCheck = 1430;
				LastUpgradeCheck = 1430;
				TargetAttributes = {
					D9CAAE822A2155A6007E1CED = {
						CreatedOnToolsVersion = 14.3;
					};
					D9CAAE982A2155A7007E1CED = {
						CreatedOnToolsVersion = 14.3;
						TestTargetID = D9CAAE822A2155A6007E1CED;
					};
					D9CAAEA22A2155A7007E1CED = {
						CreatedOnToolsVersion = 14.3;
						TestTargetID = D9CAAE822A2155A6007E1CED;
					};
				};
			};
			buildConfigurationList = D9CAAE7E2A2155A6007E1CED /* Build configuration list for PBXProject "CountryAPISwift" */;
			compatibilityVersion = "Xcode 14.0";
			developmentRegion = en;
			hasScannedForEncodings = 0;
			knownRegions = (
				en,
				Base,
			);
			mainGroup = D9CAAE7A2A2155A6007E1CED;
			productRefGroup = D9CAAE842A2155A6007E1CED /* Products */;
			projectDirPath = "";
			projectRoot = "";
			targets = (
				D9CAAE822A2155A6007E1CED /* CountryAPISwift */,
				D9CAAE982A2155A7007E1CED /* CountryAPISwiftTests */,
				D9CAAEA22A2155A7007E1CED /* CountryAPISwiftUITests */,
			);
		};
/* End PBXProject section */

/* Begin PBXResourcesBuildPhase section */
		D9CAAE812A2155A6007E1CED /* Resources */ = {
			isa = PBXResourcesBuildPhase;
			buildActionMask = 2147483647;
			files = (
				D9CAAEBE2A21562A007E1CED /* CountryCell.xib in Resources */,
				D9CAAE932A2155A7007E1CED /* LaunchScreen.storyboard in Resources */,
				D9CAAE902A2155A7007E1CED /* Assets.xcassets in Resources */,
				D9CAAE8E2A2155A6007E1CED /* Main.storyboard in Resources */,
			);
			runOnlyForDeploymentPostprocessing = 0;
		};
		D9CAAE972A2155A7007E1CED /* Resources */ = {
			isa = PBXResourcesBuildPhase;
			buildActionMask = 2147483647;
			files = (
			);
			runOnlyForDeploymentPostprocessing = 0;
		};
		D9CAAEA12A2155A7007E1CED /* Resources */ = {
			isa = PBXResourcesBuildPhase;
			buildActionMask = 2147483647;
			files = (
			);
			runOnlyForDeploymentPostprocessing = 0;
		};
/* End PBXResourcesBuildPhase section */

/* Begin PBXSourcesBuildPhase section */
		D9CAAE7F2A2155A6007E1CED /* Sources */ = {
			isa = PBXSourcesBuildPhase;
			buildActionMask = 2147483647;
			files = (
				D9CAAEBB2A2155DE007E1CED /* Country.swift in Sources */,
				D9CAAEC92A215765007E1CED /* CountryListViewController.swift in Sources */,
				D9CAAEC52A2156B8007E1CED /* APIService.swift in Sources */,
				D9CAAEC02A21563A007E1CED /* CountryCell.swift in Sources */,
				D9CAAEC22A215692007E1CED /* CountryListViewModel.swift in Sources */,
				D9CAAE872A2155A6007E1CED /* AppDelegate.swift in Sources */,
				D9CAAEC72A2156C2007E1CED /* CountriesService.swift in Sources */,
				D9CAAE892A2155A6007E1CED /* SceneDelegate.swift in Sources */,
				D9CAAECC2A2157C6007E1CED /* Constants.swift in Sources */,
			);
			runOnlyForDeploymentPostprocessing = 0;
		};
		D9CAAE952A2155A7007E1CED /* Sources */ = {
			isa = PBXSourcesBuildPhase;
			buildActionMask = 2147483647;
			files = (
				D9CAAE9E2A2155A7007E1CED /* CountryAPISwiftTests.swift in Sources */,
			);
			runOnlyForDeploymentPostprocessing = 0;
		};
		D9CAAE9F2A2155A7007E1CED /* Sources */ = {
			isa = PBXSourcesBuildPhase;
			buildActionMask = 2147483647;
			files = (
				D9CAAEAA2A2155A7007E1CED /* CountryAPISwiftUITestsLaunchTests.swift in Sources */,
				D9CAAEA82A2155A7007E1CED /* CountryAPISwiftUITests.swift in Sources */,
			);
			runOnlyForDeploymentPostprocessing = 0;
		};
/* End PBXSourcesBuildPhase section */

/* Begin PBXTargetDependency section */
		D9CAAE9B2A2155A7007E1CED /* PBXTargetDependency */ = {
			isa = PBXTargetDependency;
			target = D9CAAE822A2155A6007E1CED /* CountryAPISwift */;
			targetProxy = D9CAAE9A2A2155A7007E1CED /* PBXContainerItemProxy */;
		};
		D9CAAEA52A2155A7007E1CED /* PBXTargetDependency */ = {
			isa = PBXTargetDependency;
			target = D9CAAE822A2155A6007E1CED /* CountryAPISwift */;
			targetProxy = D9CAAEA42A2155A7007E1CED /* PBXContainerItemProxy */;
		};
/* End PBXTargetDependency section */

/* Begin PBXVariantGroup section */
		D9CAAE8C2A2155A6007E1CED /* Main.storyboard */ = {
			isa = PBXVariantGroup;
			children = (
				D9CAAE8D2A2155A6007E1CED /* Base */,
			);
			name = Main.storyboard;
			sourceTree = "<group>";
		};
		D9CAAE912A2155A7007E1CED /* LaunchScreen.storyboard */ = {
			isa = PBXVariantGroup;
			children = (
				D9CAAE922A2155A7007E1CED /* Base */,
			);
			name = LaunchScreen.storyboard;
			sourceTree = "<group>";
		};
/* End PBXVariantGroup section */

/* Begin XCBuildConfiguration section */
		D9CAAEAB2A2155A7007E1CED /* Debug */ = {
			isa = XCBuildConfiguration;
			buildSettings = {
				ALWAYS_SEARCH_USER_PATHS = NO;
				CLANG_ANALYZER_NONNULL = YES;
				CLANG_ANALYZER_NUMBER_OBJECT_CONVERSION = YES_AGGRESSIVE;
				CLANG_CXX_LANGUAGE_STANDARD = "gnu++20";
				CLANG_ENABLE_MODULES = YES;
				CLANG_ENABLE_OBJC_ARC = YES;
				CLANG_ENABLE_OBJC_WEAK = YES;
				CLANG_WARN_BLOCK_CAPTURE_AUTORELEASING = YES;
				CLANG_WARN_BOOL_CONVERSION = YES;
				CLANG_WARN_COMMA = YES;
				CLANG_WARN_CONSTANT_CONVERSION = YES;
				CLANG_WARN_DEPRECATED_OBJC_IMPLEMENTATIONS = YES;
				CLANG_WARN_DIRECT_OBJC_ISA_USAGE = YES_ERROR;
				CLANG_WARN_DOCUMENTATION_COMMENTS = YES;
				CLANG_WARN_EMPTY_BODY = YES;
				CLANG_WARN_ENUM_CONVERSION = YES;
				CLANG_WARN_INFINITE_RECURSION = YES;
				CLANG_WARN_INT_CONVERSION = YES;
				CLANG_WARN_NON_LITERAL_NULL_CONVERSION = YES;
				CLANG_WARN_OBJC_IMPLICIT_RETAIN_SELF = YES;
				CLANG_WARN_OBJC_LITERAL_CONVERSION = YES;
				CLANG_WARN_OBJC_ROOT_CLASS = YES_ERROR;
				CLANG_WARN_QUOTED_INCLUDE_IN_FRAMEWORK_HEADER = YES;
				CLANG_WARN_RANGE_LOOP_ANALYSIS = YES;
				CLANG_WARN_STRICT_PROTOTYPES = YES;
				CLANG_WARN_SUSPICIOUS_MOVE = YES;
				CLANG_WARN_UNGUARDED_AVAILABILITY = YES_AGGRESSIVE;
				CLANG_WARN_UNREACHABLE_CODE = YES;
				CLANG_WARN__DUPLICATE_METHOD_MATCH = YES;
				COPY_PHASE_STRIP = NO;
				DEBUG_INFORMATION_FORMAT = dwarf;
				ENABLE_STRICT_OBJC_MSGSEND = YES;
				ENABLE_TESTABILITY = YES;
				GCC_C_LANGUAGE_STANDARD = gnu11;
				GCC_DYNAMIC_NO_PIC = NO;
				GCC_NO_COMMON_BLOCKS = YES;
				GCC_OPTIMIZATION_LEVEL = 0;
				GCC_PREPROCESSOR_DEFINITIONS = (
					"DEBUG=1",
					"$(inherited)",
				);
				GCC_WARN_64_TO_32_BIT_CONVERSION = YES;
				GCC_WARN_ABOUT_RETURN_TYPE = YES_ERROR;
				GCC_WARN_UNDECLARED_SELECTOR = YES;
				GCC_WARN_UNINITIALIZED_AUTOS = YES_AGGRESSIVE;
				GCC_WARN_UNUSED_FUNCTION = YES;
				GCC_WARN_UNUSED_VARIABLE = YES;
				IPHONEOS_DEPLOYMENT_TARGET = 16.4;
				MTL_ENABLE_DEBUG_INFO = INCLUDE_SOURCE;
				MTL_FAST_MATH = YES;
				ONLY_ACTIVE_ARCH = YES;
				SDKROOT = iphoneos;
				SWIFT_ACTIVE_COMPILATION_CONDITIONS = DEBUG;
				SWIFT_OPTIMIZATION_LEVEL = "-Onone";
			};
			name = Debug;
		};
		D9CAAEAC2A2155A7007E1CED /* Release */ = {
			isa = XCBuildConfiguration;
			buildSettings = {
				ALWAYS_SEARCH_USER_PATHS = NO;
				CLANG_ANALYZER_NONNULL = YES;
				CLANG_ANALYZER_NUMBER_OBJECT_CONVERSION = YES_AGGRESSIVE;
				CLANG_CXX_LANGUAGE_STANDARD = "gnu++20";
				CLANG_ENABLE_MODULES = YES;
				CLANG_ENABLE_OBJC_ARC = YES;
				CLANG_ENABLE_OBJC_WEAK = YES;
				CLANG_WARN_BLOCK_CAPTURE_AUTORELEASING = YES;
				CLANG_WARN_BOOL_CONVERSION = YES;
				CLANG_WARN_COMMA = YES;
				CLANG_WARN_CONSTANT_CONVERSION = YES;
				CLANG_WARN_DEPRECATED_OBJC_IMPLEMENTATIONS = YES;
				CLANG_WARN_DIRECT_OBJC_ISA_USAGE = YES_ERROR;
				CLANG_WARN_DOCUMENTATION_COMMENTS = YES;
				CLANG_WARN_EMPTY_BODY = YES;
				CLANG_WARN_ENUM_CONVERSION = YES;
				CLANG_WARN_INFINITE_RECURSION = YES;
				CLANG_WARN_INT_CONVERSION = YES;
				CLANG_WARN_NON_LITERAL_NULL_CONVERSION = YES;
				CLANG_WARN_OBJC_IMPLICIT_RETAIN_SELF = YES;
				CLANG_WARN_OBJC_LITERAL_CONVERSION = YES;
				CLANG_WARN_OBJC_ROOT_CLASS = YES_ERROR;
				CLANG_WARN_QUOTED_INCLUDE_IN_FRAMEWORK_HEADER = YES;
				CLANG_WARN_RANGE_LOOP_ANALYSIS = YES;
				CLANG_WARN_STRICT_PROTOTYPES = YES;
				CLANG_WARN_SUSPICIOUS_MOVE = YES;
				CLANG_WARN_UNGUARDED_AVAILABILITY = YES_AGGRESSIVE;
				CLANG_WARN_UNREACHABLE_CODE = YES;
				CLANG_WARN__DUPLICATE_METHOD_MATCH = YES;
				COPY_PHASE_STRIP = NO;
				DEBUG_INFORMATION_FORMAT = "dwarf-with-dsym";
				ENABLE_NS_ASSERTIONS = NO;
				ENABLE_STRICT_OBJC_MSGSEND = YES;
				GCC_C_LANGUAGE_STANDARD = gnu11;
				GCC_NO_COMMON_BLOCKS = YES;
				GCC_WARN_64_TO_32_BIT_CONVERSION = YES;
				GCC_WARN_ABOUT_RETURN_TYPE = YES_ERROR;
				GCC_WARN_UNDECLARED_SELECTOR = YES;
				GCC_WARN_UNINITIALIZED_AUTOS = YES_AGGRESSIVE;
				GCC_WARN_UNUSED_FUNCTION = YES;
				GCC_WARN_UNUSED_VARIABLE = YES;
				IPHONEOS_DEPLOYMENT_TARGET = 16.4;
				MTL_ENABLE_DEBUG_INFO = NO;
				MTL_FAST_MATH = YES;
				SDKROOT = iphoneos;
				SWIFT_COMPILATION_MODE = wholemodule;
				SWIFT_OPTIMIZATION_LEVEL = "-O";
				VALIDATE_PRODUCT = YES;
			};
			name = Release;
		};
		D9CAAEAE2A2155A7007E1CED /* Debug */ = {
			isa = XCBuildConfiguration;
			buildSettings = {
				ASSETCATALOG_COMPILER_APPICON_NAME = AppIcon;
				ASSETCATALOG_COMPILER_GLOBAL_ACCENT_COLOR_NAME = AccentColor;
				CODE_SIGN_STYLE = Automatic;
				CURRENT_PROJECT_VERSION = 1;
				GENERATE_INFOPLIST_FILE = YES;
				INFOPLIST_FILE = CountryAPISwift/Info.plist;
				INFOPLIST_KEY_UIApplicationSupportsIndirectInputEvents = YES;
				INFOPLIST_KEY_UILaunchStoryboardName = LaunchScreen;
				INFOPLIST_KEY_UIMainStoryboardFile = Main;
				INFOPLIST_KEY_UISupportedInterfaceOrientations_iPad = "UIInterfaceOrientationPortrait UIInterfaceOrientationPortraitUpsideDown UIInterfaceOrientationLandscapeLeft UIInterfaceOrientationLandscapeRight";
				INFOPLIST_KEY_UISupportedInterfaceOrientations_iPhone = "UIInterfaceOrientationPortrait UIInterfaceOrientationLandscapeLeft UIInterfaceOrientationLandscapeRight";
				LD_RUNPATH_SEARCH_PATHS = (
					"$(inherited)",
					"@executable_path/Frameworks",
				);
				MARKETING_VERSION = 1.0;
				PRODUCT_BUNDLE_IDENTIFIER = com.jamesafonja.CountryAPISwift;
				PRODUCT_NAME = "$(TARGET_NAME)";
				SWIFT_EMIT_LOC_STRINGS = YES;
				SWIFT_VERSION = 5.0;
				TARGETED_DEVICE_FAMILY = "1,2";
			};
			name = Debug;
		};
		D9CAAEAF2A2155A7007E1CED /* Release */ = {
			isa = XCBuildConfiguration;
			buildSettings = {
				ASSETCATALOG_COMPILER_APPICON_NAME = AppIcon;
				ASSETCATALOG_COMPILER_GLOBAL_ACCENT_COLOR_NAME = AccentColor;
				CODE_SIGN_STYLE = Automatic;
				CURRENT_PROJECT_VERSION = 1;
				GENERATE_INFOPLIST_FILE = YES;
				INFOPLIST_FILE = CountryAPISwift/Info.plist;
				INFOPLIST_KEY_UIApplicationSupportsIndirectInputEvents = YES;
				INFOPLIST_KEY_UILaunchStoryboardName = LaunchScreen;
				INFOPLIST_KEY_UIMainStoryboardFile = Main;
				INFOPLIST_KEY_UISupportedInterfaceOrientations_iPad = "UIInterfaceOrientationPortrait UIInterfaceOrientationPortraitUpsideDown UIInterfaceOrientationLandscapeLeft UIInterfaceOrientationLandscapeRight";
				INFOPLIST_KEY_UISupportedInterfaceOrientations_iPhone = "UIInterfaceOrientationPortrait UIInterfaceOrientationLandscapeLeft UIInterfaceOrientationLandscapeRight";
				LD_RUNPATH_SEARCH_PATHS = (
					"$(inherited)",
					"@executable_path/Frameworks",
				);
				MARKETING_VERSION = 1.0;
				PRODUCT_BUNDLE_IDENTIFIER = com.jamesafonja.CountryAPISwift;
				PRODUCT_NAME = "$(TARGET_NAME)";
				SWIFT_EMIT_LOC_STRINGS = YES;
				SWIFT_VERSION = 5.0;
				TARGETED_DEVICE_FAMILY = "1,2";
			};
			name = Release;
		};
		D9CAAEB12A2155A7007E1CED /* Debug */ = {
			isa = XCBuildConfiguration;
			buildSettings = {
				ALWAYS_EMBED_SWIFT_STANDARD_LIBRARIES = YES;
				BUNDLE_LOADER = "$(TEST_HOST)";
				CODE_SIGN_STYLE = Automatic;
				CURRENT_PROJECT_VERSION = 1;
				GENERATE_INFOPLIST_FILE = YES;
				IPHONEOS_DEPLOYMENT_TARGET = 16.4;
				MARKETING_VERSION = 1.0;
				PRODUCT_BUNDLE_IDENTIFIER = com.jamesafonja.CountryAPISwiftTests;
				PRODUCT_NAME = "$(TARGET_NAME)";
				SWIFT_EMIT_LOC_STRINGS = NO;
				SWIFT_VERSION = 5.0;
				TARGETED_DEVICE_FAMILY = "1,2";
				TEST_HOST = "$(BUILT_PRODUCTS_DIR)/CountryAPISwift.app/$(BUNDLE_EXECUTABLE_FOLDER_PATH)/CountryAPISwift";
			};
			name = Debug;
		};
		D9CAAEB22A2155A7007E1CED /* Release */ = {
			isa = XCBuildConfiguration;
			buildSettings = {
				ALWAYS_EMBED_SWIFT_STANDARD_LIBRARIES = YES;
				BUNDLE_LOADER = "$(TEST_HOST)";
				CODE_SIGN_STYLE = Automatic;
				CURRENT_PROJECT_VERSION = 1;
				GENERATE_INFOPLIST_FILE = YES;
				IPHONEOS_DEPLOYMENT_TARGET = 16.4;
				MARKETING_VERSION = 1.0;
				PRODUCT_BUNDLE_IDENTIFIER = com.jamesafonja.CountryAPISwiftTests;
				PRODUCT_NAME = "$(TARGET_NAME)";
				SWIFT_EMIT_LOC_STRINGS = NO;
				SWIFT_VERSION = 5.0;
				TARGETED_DEVICE_FAMILY = "1,2";
				TEST_HOST = "$(BUILT_PRODUCTS_DIR)/CountryAPISwift.app/$(BUNDLE_EXECUTABLE_FOLDER_PATH)/CountryAPISwift";
			};
			name = Release;
		};
		D9CAAEB42A2155A7007E1CED /* Debug */ = {
			isa = XCBuildConfiguration;
			buildSettings = {
				ALWAYS_EMBED_SWIFT_STANDARD_LIBRARIES = YES;
				CODE_SIGN_STYLE = Automatic;
				CURRENT_PROJECT_VERSION = 1;
				GENERATE_INFOPLIST_FILE = YES;
				MARKETING_VERSION = 1.0;
				PRODUCT_BUNDLE_IDENTIFIER = com.jamesafonja.CountryAPISwiftUITests;
				PRODUCT_NAME = "$(TARGET_NAME)";
				SWIFT_EMIT_LOC_STRINGS = NO;
				SWIFT_VERSION = 5.0;
				TARGETED_DEVICE_FAMILY = "1,2";
				TEST_TARGET_NAME = CountryAPISwift;
			};
			name = Debug;
		};
		D9CAAEB52A2155A7007E1CED /* Release */ = {
			isa = XCBuildConfiguration;
			buildSettings = {
				ALWAYS_EMBED_SWIFT_STANDARD_LIBRARIES = YES;
				CODE_SIGN_STYLE = Automatic;
				CURRENT_PROJECT_VERSION = 1;
				GENERATE_INFOPLIST_FILE = YES;
				MARKETING_VERSION = 1.0;
				PRODUCT_BUNDLE_IDENTIFIER = com.jamesafonja.CountryAPISwiftUITests;
				PRODUCT_NAME = "$(TARGET_NAME)";
				SWIFT_EMIT_LOC_STRINGS = NO;
				SWIFT_VERSION = 5.0;
				TARGETED_DEVICE_FAMILY = "1,2";
				TEST_TARGET_NAME = CountryAPISwift;
			};
			name = Release;
		};
/* End XCBuildConfiguration section */

/* Begin XCConfigurationList section */
		D9CAAE7E2A2155A6007E1CED /* Build configuration list for PBXProject "CountryAPISwift" */ = {
			isa = XCConfigurationList;
			buildConfigurations = (
				D9CAAEAB2A2155A7007E1CED /* Debug */,
				D9CAAEAC2A2155A7007E1CED /* Release */,
			);
			defaultConfigurationIsVisible = 0;
			defaultConfigurationName = Release;
		};
		D9CAAEAD2A2155A7007E1CED /* Build configuration list for PBXNativeTarget "CountryAPISwift" */ = {
			isa = XCConfigurationList;
			buildConfigurations = (
				D9CAAEAE2A2155A7007E1CED /* Debug */,
				D9CAAEAF2A2155A7007E1CED /* Release */,
			);
			defaultConfigurationIsVisible = 0;
			defaultConfigurationName = Release;
		};
		D9CAAEB02A2155A7007E1CED /* Build configuration list for PBXNativeTarget "CountryAPISwiftTests" */ = {
			isa = XCConfigurationList;
			buildConfigurations = (
				D9CAAEB12A2155A7007E1CED /* Debug */,
				D9CAAEB22A2155A7007E1CED /* Release */,
			);
			defaultConfigurationIsVisible = 0;
			defaultConfigurationName = Release;
		};
		D9CAAEB32A2155A7007E1CED /* Build configuration list for PBXNativeTarget "CountryAPISwiftUITests" */ = {
			isa = XCConfigurationList;
			buildConfigurations = (
				D9CAAEB42A2155A7007E1CED /* Debug */,
				D9CAAEB52A2155A7007E1CED /* Release */,
			);
			defaultConfigurationIsVisible = 0;
			defaultConfigurationName = Release;
		};
/* End XCConfigurationList section */
	};
	rootObject = D9CAAE7B2A2155A6007E1CED /* Project object */;
}
